
Microsoft Visual Studio Solution File, Format Version 12.00
# Visual Studio 15
VisualStudioVersion = 15.0.28307.757
MinimumVisualStudioVersion = 10.0.40219.1
Project("{8BC9CEB8-8B4A-11D0-8D11-00A0C91BC942}") = "SortingSection", "SortingSection\SortingSection.vcxproj", "{8A63AE2E-A486-4A02-9299-050C5F06504B}"
EndProject
Project("{8BC9CEB8-8B4A-11D0-8D11-00A0C91BC942}") = "BinarySearch", "BinarySearch\BinarySearch.vcxproj", "{6EF81674-C8CF-45C8-B3F1-D7F96B833CB7}"
EndProject
Project("{8BC9CEB8-8B4A-11D0-8D11-00A0C91BC942}") = "TreeSolution", "TreeSolution\TreeSolution.vcxproj", "{53B6674D-A45F-4A10-9767-545BA7E2E06A}"
EndProject
Project("{8BC9CEB8-8B4A-11D0-8D11-00A0C91BC942}") = "LinkedListSolutionAndExampleC", "LinkedListSolutionAndExampleC\LinkedListSolutionAndExampleC.vcxproj", "{E44AD379-4E49-4821-8342-C0CBF17AC023}"
EndProject
Project("{8BC9CEB8-8B4A-11D0-8D11-00A0C91BC942}") = "StackUsingLinkedList", "StackUsingLinkedList\StackUsingLinkedList.vcxproj", "{B4FD9C21-52E3-4E0E-B3BF-2C62D69D1A23}"
EndProject
Project("{8BC9CEB8-8B4A-11D0-8D11-00A0C91BC942}") = "ReverseLinkedList", "ReverseLinkedList\ReverseLinkedList.vcxproj", "{6FD6D548-1C8C-4D0B-ABD7-8889EE3DE449}"
EndProject
Project("{8BC9CEB8-8B4A-11D0-8D11-00A0C91BC942}") = "QueueUsingDynamicAllocation", "QueueUsingDynamicAllocation\QueueUsingDynamicAllocation.vcxproj", "{A4C457FA-A9BD-43BD-AC82-675816DE9580}"
EndProject
Global
	GlobalSection(SolutionConfigurationPlatforms) = preSolution
		Debug|x64 = Debug|x64
		Debug|x86 = Debug|x86
		Release|x64 = Release|x64
		Release|x86 = Release|x86
	EndGlobalSection
	GlobalSection(ProjectConfigurationPlatforms) = postSolution
		{8A63AE2E-A486-4A02-9299-050C5F06504B}.Debug|x64.ActiveCfg = Debug|x64
		{8A63AE2E-A486-4A02-9299-050C5F06504B}.Debug|x64.Build.0 = Debug|x64
		{8A63AE2E-A486-4A02-9299-050C5F06504B}.Debug|x86.ActiveCfg = Debug|Win32
		{8A63AE2E-A486-4A02-9299-050C5F06504B}.Debug|x86.Build.0 = Debug|Win32
		{8A63AE2E-A486-4A02-9299-050C5F06504B}.Release|x64.ActiveCfg = Release|x64
		{8A63AE2E-A486-4A02-9299-050C5F06504B}.Release|x64.Build.0 = Release|x64
		{8A63AE2E-A486-4A02-9299-050C5F06504B}.Release|x86.ActiveCfg = Release|Win32
		{8A63AE2E-A486-4A02-9299-050C5F06504B}.Release|x86.Build.0 = Release|Win32
		{6EF81674-C8CF-45C8-B3F1-D7F96B833CB7}.Debug|x64.ActiveCfg = Debug|x64
		{6EF81674-C8CF-45C8-B3F1-D7F96B833CB7}.Debug|x64.Build.0 = Debug|x64
		{6EF81674-C8CF-45C8-B3F1-D7F96B833CB7}.Debug|x86.ActiveCfg = Debug|Win32
		{6EF81674-C8CF-45C8-B3F1-D7F96B833CB7}.Debug|x86.Build.0 = Debug|Win32
		{6EF81674-C8CF-45C8-B3F1-D7F96B833CB7}.Release|x64.ActiveCfg = Release|x64
		{6EF81674-C8CF-45C8-B3F1-D7F96B833CB7}.Release|x64.Build.0 = Release|x64
		{6EF81674-C8CF-45C8-B3F1-D7F96B833CB7}.Release|x86.ActiveCfg = Release|Win32
		{6EF81674-C8CF-45C8-B3F1-D7F96B833CB7}.Release|x86.Build.0 = Release|Win32
		{53B6674D-A45F-4A10-9767-545BA7E2E06A}.Debug|x64.ActiveCfg = Debug|x64
		{53B6674D-A45F-4A10-9767-545BA7E2E06A}.Debug|x64.Build.0 = Debug|x64
		{53B6674D-A45F-4A10-9767-545BA7E2E06A}.Debug|x86.ActiveCfg = Debug|Win32
		{53B6674D-A45F-4A10-9767-545BA7E2E06A}.Debug|x86.Build.0 = Debug|Win32
		{53B6674D-A45F-4A10-9767-545BA7E2E06A}.Release|x64.ActiveCfg = Release|x64
		{53B6674D-A45F-4A10-9767-545BA7E2E06A}.Release|x64.Build.0 = Release|x64
		{53B6674D-A45F-4A10-9767-545BA7E2E06A}.Release|x86.ActiveCfg = Release|Win32
		{53B6674D-A45F-4A10-9767-545BA7E2E06A}.Release|x86.Build.0 = Release|Win32
		{E44AD379-4E49-4821-8342-C0CBF17AC023}.Debug|x64.ActiveCfg = Debug|x64
		{E44AD379-4E49-4821-8342-C0CBF17AC023}.Debug|x64.Build.0 = Debug|x64
		{E44AD379-4E49-4821-8342-C0CBF17AC023}.Debug|x86.ActiveCfg = Debug|Win32
		{E44AD379-4E49-4821-8342-C0CBF17AC023}.Debug|x86.Build.0 = Debug|Win32
		{E44AD379-4E49-4821-8342-C0CBF17AC023}.Release|x64.ActiveCfg = Release|x64
		{E44AD379-4E49-4821-8342-C0CBF17AC023}.Release|x64.Build.0 = Release|x64
		{E44AD379-4E49-4821-8342-C0CBF17AC023}.Release|x86.ActiveCfg = Release|Win32
		{E44AD379-4E49-4821-8342-C0CBF17AC023}.Release|x86.Build.0 = Release|Win32
		{B4FD9C21-52E3-4E0E-B3BF-2C62D69D1A23}.Debug|x64.ActiveCfg = Debug|x64
		{B4FD9C21-52E3-4E0E-B3BF-2C62D69D1A23}.Debug|x64.Build.0 = Debug|x64
		{B4FD9C21-52E3-4E0E-B3BF-2C62D69D1A23}.Debug|x86.ActiveCfg = Debug|Win32
		{B4FD9C21-52E3-4E0E-B3BF-2C62D69D1A23}.Debug|x86.Build.0 = Debug|Win32
		{B4FD9C21-52E3-4E0E-B3BF-2C62D69D1A23}.Release|x64.ActiveCfg = Release|x64
		{B4FD9C21-52E3-4E0E-B3BF-2C62D69D1A23}.Release|x64.Build.0 = Release|x64
		{B4FD9C21-52E3-4E0E-B3BF-2C62D69D1A23}.Release|x86.ActiveCfg = Release|Win32
		{B4FD9C21-52E3-4E0E-B3BF-2C62D69D1A23}.Release|x86.Build.0 = Release|Win32
		{6FD6D548-1C8C-4D0B-ABD7-8889EE3DE449}.Debug|x64.ActiveCfg = Debug|x64
		{6FD6D548-1C8C-4D0B-ABD7-8889EE3DE449}.Debug|x64.Build.0 = Debug|x64
		{6FD6D548-1C8C-4D0B-ABD7-8889EE3DE449}.Debug|x86.ActiveCfg = Debug|Win32
		{6FD6D548-1C8C-4D0B-ABD7-8889EE3DE449}.Debug|x86.Build.0 = Debug|Win32
		{6FD6D548-1C8C-4D0B-ABD7-8889EE3DE449}.Release|x64.ActiveCfg = Release|x64
		{6FD6D548-1C8C-4D0B-ABD7-8889EE3DE449}.Release|x64.Build.0 = Release|x64
		{6FD6D548-1C8C-4D0B-ABD7-8889EE3DE449}.Release|x86.ActiveCfg = Release|Win32
		{6FD6D548-1C8C-4D0B-ABD7-8889EE3DE449}.Release|x86.Build.0 = Release|Win32
		{A4C457FA-A9BD-43BD-AC82-675816DE9580}.Debug|x64.ActiveCfg = Debug|x64
		{A4C457FA-A9BD-43BD-AC82-675816DE9580}.Debug|x64.Build.0 = Debug|x64
		{A4C457FA-A9BD-43BD-AC82-675816DE9580}.Debug|x86.ActiveCfg = Debug|Win32
		{A4C457FA-A9BD-43BD-AC82-675816DE9580}.Debug|x86.Build.0 = Debug|Win32
		{A4C457FA-A9BD-43BD-AC82-675816DE9580}.Release|x64.ActiveCfg = Release|x64
		{A4C457FA-A9BD-43BD-AC82-675816DE9580}.Release|x64.Build.0 = Release|x64
		{A4C457FA-A9BD-43BD-AC82-675816DE9580}.Release|x86.ActiveCfg = Release|Win32
		{A4C457FA-A9BD-43BD-AC82-675816DE9580}.Release|x86.Build.0 = Release|Win32
	EndGlobalSection
	GlobalSection(SolutionProperties) = preSolution
		HideSolutionNode = FALSE
	EndGlobalSection
	GlobalSection(ExtensibilityGlobals) = postSolution
		SolutionGuid = {58FCC027-E68E-4B57-BDF1-30F09A8DD4B8}
	EndGlobalSection
EndGlobal
